{
  "version": 4,
  "terraform_version": "1.5.7",
  "serial": 95,
  "lineage": "fb36f5fc-a3b0-f087-9aa6-e811241811a3",
  "outputs": {},
  "resources": [
    {
      "module": "module.serverpod_production",
      "mode": "managed",
      "type": "google_compute_autoscaler",
      "name": "serverpod",
      "provider": "provider[\"registry.terraform.io/hashicorp/google\"]",
      "instances": [
        {
          "schema_version": 0,
          "attributes": {
            "autoscaling_policy": [
              {
                "cooldown_period": 60,
                "cpu_utilization": [
                  {
                    "predictive_method": "NONE",
                    "target": 0.6
                  }
                ],
                "load_balancing_utilization": [],
                "max_replicas": 2,
                "metric": [],
                "min_replicas": 1,
                "mode": "ON",
                "scale_in_control": [],
                "scaling_schedules": []
              }
            ],
            "creation_timestamp": "2026-01-21T05:55:07.185-08:00",
            "description": "",
            "id": "projects/gen-lang-client-0412132796/zones/us-central1-a/autoscalers/serverpod-production-autoscaler",
            "name": "serverpod-production-autoscaler",
            "project": "gen-lang-client-0412132796",
            "self_link": "https://www.googleapis.com/compute/v1/projects/gen-lang-client-0412132796/zones/us-central1-a/autoscalers/serverpod-production-autoscaler",
            "target": "https://www.googleapis.com/compute/v1/projects/gen-lang-client-0412132796/zones/us-central1-a/instanceGroupManagers/serverpod-production-group",
            "timeouts": null,
            "zone": "https://www.googleapis.com/compute/v1/projects/gen-lang-client-0412132796/zones/us-central1-a"
          },
          "sensitive_attributes": [],
          "private": "eyJlMmJmYjczMC1lY2FhLTExZTYtOGY4OC0zNDM2M2JjN2M0YzAiOnsiY3JlYXRlIjoxMjAwMDAwMDAwMDAwLCJkZWxldGUiOjEyMDAwMDAwMDAwMDAsInVwZGF0ZSI6MTIwMDAwMDAwMDAwMH19",
          "dependencies": [
            "module.serverpod_production.google_compute_health_check.serverpod-instance-group",
            "module.serverpod_production.google_compute_instance_group_manager.serverpod",
            "module.serverpod_production.google_compute_instance_template.serverpod",
            "module.serverpod_production.google_compute_network.serverpod"
          ]
        }
      ]
    },
    {
      "module": "module.serverpod_production",
      "mode": "managed",
      "type": "google_compute_backend_service",
      "name": "api",
      "provider": "provider[\"registry.terraform.io/hashicorp/google\"]",
      "instances": [
        {
          "schema_version": 1,
          "attributes": {
            "affinity_cookie_ttl_sec": 0,
            "backend": [
              {
                "balancing_mode": "UTILIZATION",
                "capacity_scaler": 1,
                "description": "",
                "group": "https://www.googleapis.com/compute/v1/projects/gen-lang-client-0412132796/zones/us-central1-a/instanceGroups/serverpod-production-group",
                "max_connections": 0,
                "max_connections_per_endpoint": 0,
                "max_connections_per_instance": 0,
                "max_rate": 0,
                "max_rate_per_endpoint": 0,
                "max_rate_per_instance": 0,
                "max_utilization": 1
              }
            ],
            "cdn_policy": [],
            "circuit_breakers": [],
            "compression_mode": "",
            "connection_draining_timeout_sec": 300,
            "consistent_hash": [],
            "creation_timestamp": "2026-01-21T05:55:07.479-08:00",
            "custom_request_headers": null,
            "custom_response_headers": null,
            "description": "",
            "edge_security_policy": "",
            "enable_cdn": false,
            "fingerprint": "OS9EqvUU3Gc=",
            "generated_id": 6425051141215446100,
            "health_checks": [
              "projects/gen-lang-client-0412132796/global/healthChecks/serverpod-production-health-check"
            ],
            "iap": [],
            "id": "projects/gen-lang-client-0412132796/global/backendServices/serverpod-production-backend-api",
            "load_balancing_scheme": "EXTERNAL",
            "locality_lb_policy": "",
            "log_config": [],
            "name": "serverpod-production-backend-api",
            "outlier_detection": [],
            "port_name": "api",
            "project": "gen-lang-client-0412132796",
            "protocol": "HTTP",
            "security_policy": "",
            "security_settings": [],
            "self_link": "https://www.googleapis.com/compute/v1/projects/gen-lang-client-0412132796/global/backendServices/serverpod-production-backend-api",
            "session_affinity": "NONE",
            "timeout_sec": 30,
            "timeouts": null
          },
          "sensitive_attributes": [],
          "private": "eyJlMmJmYjczMC1lY2FhLTExZTYtOGY4OC0zNDM2M2JjN2M0YzAiOnsiY3JlYXRlIjoxMjAwMDAwMDAwMDAwLCJkZWxldGUiOjEyMDAwMDAwMDAwMDAsInVwZGF0ZSI6MTIwMDAwMDAwMDAwMH0sInNjaGVtYV92ZXJzaW9uIjoiMSJ9",
          "dependencies": [
            "module.serverpod_production.google_compute_health_check.serverpod-balancer",
            "module.serverpod_production.google_compute_health_check.serverpod-instance-group",
            "module.serverpod_production.google_compute_instance_group_manager.serverpod",
            "module.serverpod_production.google_compute_instance_template.serverpod",
            "module.serverpod_production.google_compute_network.serverpod"
          ]
        }
      ]
    },
    {
      "module": "module.serverpod_production",
      "mode": "managed",
      "type": "google_compute_backend_service",
      "name": "insights",
      "provider": "provider[\"registry.terraform.io/hashicorp/google\"]",
      "instances": [
        {
          "schema_version": 1,
          "attributes": {
            "affinity_cookie_ttl_sec": 0,
            "backend": [
              {
                "balancing_mode": "UTILIZATION",
                "capacity_scaler": 1,
                "description": "",
                "group": "https://www.googleapis.com/compute/v1/projects/gen-lang-client-0412132796/zones/us-central1-a/instanceGroups/serverpod-production-group",
                "max_connections": 0,
                "max_connections_per_endpoint": 0,
                "max_connections_per_instance": 0,
                "max_rate": 0,
                "max_rate_per_endpoint": 0,
                "max_rate_per_instance": 0,
                "max_utilization": 1
              }
            ],
            "cdn_policy": [],
            "circuit_breakers": [],
            "compression_mode": "",
            "connection_draining_timeout_sec": 300,
            "consistent_hash": [],
            "creation_timestamp": "2026-01-21T05:55:07.736-08:00",
            "custom_request_headers": null,
            "custom_response_headers": null,
            "description": "",
            "edge_security_policy": "",
            "enable_cdn": false,
            "fingerprint": "N4eo3nKUwXc=",
            "generated_id": 3992224567742260308,
            "health_checks": [
              "projects/gen-lang-client-0412132796/global/healthChecks/serverpod-production-health-check"
            ],
            "iap": [],
            "id": "projects/gen-lang-client-0412132796/global/backendServices/serverpod-production-backend-insights",
            "load_balancing_scheme": "EXTERNAL",
            "locality_lb_policy": "",
            "log_config": [],
            "name": "serverpod-production-backend-insights",
            "outlier_detection": [],
            "port_name": "insights",
            "project": "gen-lang-client-0412132796",
            "protocol": "HTTP",
            "security_policy": "",
            "security_settings": [],
            "self_link": "https://www.googleapis.com/compute/v1/projects/gen-lang-client-0412132796/global/backendServices/serverpod-production-backend-insights",
            "session_affinity": "NONE",
            "timeout_sec": 30,
            "timeouts": null
          },
          "sensitive_attributes": [],
          "private": "eyJlMmJmYjczMC1lY2FhLTExZTYtOGY4OC0zNDM2M2JjN2M0YzAiOnsiY3JlYXRlIjoxMjAwMDAwMDAwMDAwLCJkZWxldGUiOjEyMDAwMDAwMDAwMDAsInVwZGF0ZSI6MTIwMDAwMDAwMDAwMH0sInNjaGVtYV92ZXJzaW9uIjoiMSJ9",
          "dependencies": [
            "module.serverpod_production.google_compute_health_check.serverpod-balancer",
            "module.serverpod_production.google_compute_health_check.serverpod-instance-group",
            "module.serverpod_production.google_compute_instance_group_manager.serverpod",
            "module.serverpod_production.google_compute_instance_template.serverpod",
            "module.serverpod_production.google_compute_network.serverpod"
          ]
        }
      ]
    },
    {
      "module": "module.serverpod_production",
      "mode": "managed",
      "type": "google_compute_backend_service",
      "name": "web",
      "provider": "provider[\"registry.terraform.io/hashicorp/google\"]",
      "instances": [
        {
          "schema_version": 1,
          "attributes": {
            "affinity_cookie_ttl_sec": 0,
            "backend": [
              {
                "balancing_mode": "UTILIZATION",
                "capacity_scaler": 1,
                "description": "",
                "group": "https://www.googleapis.com/compute/v1/projects/gen-lang-client-0412132796/zones/us-central1-a/instanceGroups/serverpod-production-group",
                "max_connections": 0,
                "max_connections_per_endpoint": 0,
                "max_connections_per_instance": 0,
                "max_rate": 0,
                "max_rate_per_endpoint": 0,
                "max_rate_per_instance": 0,
                "max_utilization": 1
              }
            ],
            "cdn_policy": [
              {
                "cache_key_policy": [],
                "cache_mode": "CACHE_ALL_STATIC",
                "client_ttl": 3600,
                "default_ttl": 3600,
                "max_ttl": 86400,
                "negative_caching": true,
                "negative_caching_policy": [],
                "serve_while_stale": 86400,
                "signed_url_cache_max_age_sec": 0
              }
            ],
            "circuit_breakers": [],
            "compression_mode": "",
            "connection_draining_timeout_sec": 300,
            "consistent_hash": [],
            "creation_timestamp": "2026-01-21T05:55:07.391-08:00",
            "custom_request_headers": null,
            "custom_response_headers": null,
            "description": "",
            "edge_security_policy": "",
            "enable_cdn": true,
            "fingerprint": "jzWjM06_1Ds=",
            "generated_id": 8138343613116277844,
            "health_checks": [
              "projects/gen-lang-client-0412132796/global/healthChecks/serverpod-production-health-check"
            ],
            "iap": [],
            "id": "projects/gen-lang-client-0412132796/global/backendServices/serverpod-production-backend-web",
            "load_balancing_scheme": "EXTERNAL",
            "locality_lb_policy": "",
            "log_config": [],
            "name": "serverpod-production-backend-web",
            "outlier_detection": [],
            "port_name": "web",
            "project": "gen-lang-client-0412132796",
            "protocol": "HTTP",
            "security_policy": "",
            "security_settings": [],
            "self_link": "https://www.googleapis.com/compute/v1/projects/gen-lang-client-0412132796/global/backendServices/serverpod-production-backend-web",
            "session_affinity": "NONE",
            "timeout_sec": 30,
            "timeouts": null
          },
          "sensitive_attributes": [],
          "private": "eyJlMmJmYjczMC1lY2FhLTExZTYtOGY4OC0zNDM2M2JjN2M0YzAiOnsiY3JlYXRlIjoxMjAwMDAwMDAwMDAwLCJkZWxldGUiOjEyMDAwMDAwMDAwMDAsInVwZGF0ZSI6MTIwMDAwMDAwMDAwMH0sInNjaGVtYV92ZXJzaW9uIjoiMSJ9",
          "dependencies": [
            "module.serverpod_production.google_compute_health_check.serverpod-balancer",
            "module.serverpod_production.google_compute_health_check.serverpod-instance-group",
            "module.serverpod_production.google_compute_instance_group_manager.serverpod",
            "module.serverpod_production.google_compute_instance_template.serverpod",
            "module.serverpod_production.google_compute_network.serverpod"
          ]
        }
      ]
    },
    {
      "module": "module.serverpod_production",
      "mode": "managed",
      "type": "google_compute_firewall",
      "name": "serverpod-instance",
      "provider": "provider[\"registry.terraform.io/hashicorp/google\"]",
      "instances": [
        {
          "schema_version": 1,
          "attributes": {
            "allow": [
              {
                "ports": [
                  "8080-8082"
                ],
                "protocol": "tcp"
              }
            ],
            "creation_timestamp": "2026-01-21T03:39:50.809-08:00",
            "deny": [],
            "description": "",
            "destination_ranges": [],
            "direction": "INGRESS",
            "disabled": false,
            "enable_logging": null,
            "id": "projects/gen-lang-client-0412132796/global/firewalls/serverpod-production-instance",
            "log_config": [],
            "name": "serverpod-production-instance",
            "network": "https://www.googleapis.com/compute/v1/projects/gen-lang-client-0412132796/global/networks/serverpod-production-network",
            "priority": 1000,
            "project": "gen-lang-client-0412132796",
            "self_link": "https://www.googleapis.com/compute/v1/projects/gen-lang-client-0412132796/global/firewalls/serverpod-production-instance",
            "source_ranges": [
              "130.211.0.0/22",
              "35.191.0.0/16"
            ],
            "source_service_accounts": [],
            "source_tags": [],
            "target_service_accounts": [],
            "target_tags": [
              "serverpod-production-instance"
            ],
            "timeouts": null
          },
          "sensitive_attributes": [],
          "private": "eyJlMmJmYjczMC1lY2FhLTExZTYtOGY4OC0zNDM2M2JjN2M0YzAiOnsiY3JlYXRlIjoxMjAwMDAwMDAwMDAwLCJkZWxldGUiOjEyMDAwMDAwMDAwMDAsInVwZGF0ZSI6MTIwMDAwMDAwMDAwMH0sInNjaGVtYV92ZXJzaW9uIjoiMSJ9",
          "dependencies": [
            "module.serverpod_production.google_compute_network.serverpod"
          ]
        }
      ]
    },
    {
      "module": "module.serverpod_production",
      "mode": "managed",
      "type": "google_compute_firewall",
      "name": "serverpod-instance-ssh",
      "provider": "provider[\"registry.terraform.io/hashicorp/google\"]",
      "instances": [
        {
          "index_key": 0,
          "schema_version": 1,
          "attributes": {
            "allow": [
              {
                "ports": [
                  "22"
                ],
                "protocol": "tcp"
              }
            ],
            "creation_timestamp": "2026-01-21T03:39:50.771-08:00",
            "deny": [],
            "description": "",
            "destination_ranges": [],
            "direction": "INGRESS",
            "disabled": false,
            "enable_logging": null,
            "id": "projects/gen-lang-client-0412132796/global/firewalls/serverpod-production-instance-ssh",
            "log_config": [],
            "name": "serverpod-production-instance-ssh",
            "network": "https://www.googleapis.com/compute/v1/projects/gen-lang-client-0412132796/global/networks/serverpod-production-network",
            "priority": 1000,
            "project": "gen-lang-client-0412132796",
            "self_link": "https://www.googleapis.com/compute/v1/projects/gen-lang-client-0412132796/global/firewalls/serverpod-production-instance-ssh",
            "source_ranges": [
              "0.0.0.0/0"
            ],
            "source_service_accounts": [],
            "source_tags": [],
            "target_service_accounts": [],
            "target_tags": [
              "serverpod-production-instance-ssh"
            ],
            "timeouts": null
          },
          "sensitive_attributes": [],
          "private": "eyJlMmJmYjczMC1lY2FhLTExZTYtOGY4OC0zNDM2M2JjN2M0YzAiOnsiY3JlYXRlIjoxMjAwMDAwMDAwMDAwLCJkZWxldGUiOjEyMDAwMDAwMDAwMDAsInVwZGF0ZSI6MTIwMDAwMDAwMDAwMH0sInNjaGVtYV92ZXJzaW9uIjoiMSJ9",
          "dependencies": [
            "module.serverpod_production.google_compute_network.serverpod"
          ]
        }
      ]
    },
    {
      "module": "module.serverpod_production",
      "mode": "managed",
      "type": "google_compute_global_address",
      "name": "private-ip",
      "provider": "provider[\"registry.terraform.io/hashicorp/google\"]",
      "instances": [
        {
          "schema_version": 0,
          "attributes": {
            "address": "172.31.0.0",
            "address_type": "INTERNAL",
            "creation_timestamp": "2026-01-21T03:39:50.828-08:00",
            "description": "",
            "id": "projects/gen-lang-client-0412132796/global/addresses/serverpod-production-private-ip",
            "ip_version": "",
            "name": "serverpod-production-private-ip",
            "network": "https://www.googleapis.com/compute/v1/projects/gen-lang-client-0412132796/global/networks/serverpod-production-network",
            "prefix_length": 16,
            "project": "gen-lang-client-0412132796",
            "purpose": "VPC_PEERING",
            "self_link": "https://www.googleapis.com/compute/v1/projects/gen-lang-client-0412132796/global/addresses/serverpod-production-private-ip",
            "timeouts": null
          },
          "sensitive_attributes": [],
          "private": "eyJlMmJmYjczMC1lY2FhLTExZTYtOGY4OC0zNDM2M2JjN2M0YzAiOnsiY3JlYXRlIjoxMjAwMDAwMDAwMDAwLCJkZWxldGUiOjEyMDAwMDAwMDAwMDB9fQ==",
          "dependencies": [
            "module.serverpod_production.google_compute_network.serverpod"
          ]
        }
      ]
    },
    {
      "module": "module.serverpod_production",
      "mode": "managed",
      "type": "google_compute_global_forwarding_rule",
      "name": "api",
      "provider": "provider[\"registry.terraform.io/hashicorp/google\"]",
      "instances": [
        {
          "schema_version": 0,
          "attributes": {
            "description": "",
            "id": "projects/gen-lang-client-0412132796/global/forwardingRules/serverpod-production-api",
            "ip_address": "34.50.146.241",
            "ip_protocol": "TCP",
            "ip_version": "",
            "label_fingerprint": "42WmSpB8rSM=",
            "labels": null,
            "load_balancing_scheme": "EXTERNAL",
            "metadata_filters": [],
            "name": "serverpod-production-api",
            "network": "",
            "port_range": "443",
            "project": "gen-lang-client-0412132796",
            "psc_connection_id": "",
            "psc_connection_status": "",
            "self_link": "https://www.googleapis.com/compute/v1/projects/gen-lang-client-0412132796/global/forwardingRules/serverpod-production-api",
            "target": "https://www.googleapis.com/compute/v1/projects/gen-lang-client-0412132796/global/targetHttpsProxies/serverpod-production-proxy-api",
            "timeouts": null
          },
          "sensitive_attributes": [],
          "private": "eyJlMmJmYjczMC1lY2FhLTExZTYtOGY4OC0zNDM2M2JjN2M0YzAiOnsiY3JlYXRlIjoxMjAwMDAwMDAwMDAwLCJkZWxldGUiOjEyMDAwMDAwMDAwMDAsInVwZGF0ZSI6MTIwMDAwMDAwMDAwMH19",
          "dependencies": [
            "module.serverpod_production.google_compute_backend_bucket.storage",
            "module.serverpod_production.google_compute_backend_service.api",
            "module.serverpod_production.google_compute_backend_service.insights",
            "module.serverpod_production.google_compute_backend_service.web",
            "module.serverpod_production.google_compute_health_check.serverpod-balancer",
            "module.serverpod_production.google_compute_health_check.serverpod-instance-group",
            "module.serverpod_production.google_compute_instance_group_manager.serverpod",
            "module.serverpod_production.google_compute_instance_template.serverpod",
            "module.serverpod_production.google_compute_managed_ssl_certificate.api",
            "module.serverpod_production.google_compute_network.serverpod",
            "module.serverpod_production.google_compute_target_https_proxy.api",
            "module.serverpod_production.google_compute_url_map.serverpod"
          ]
        }
      ]
    },
    {
      "module": "module.serverpod_production",
      "mode": "managed",
      "type": "google_compute_global_forwarding_rule",
      "name": "insights",
      "provider": "provider[\"registry.terraform.io/hashicorp/google\"]",
      "instances": [
        {
          "schema_version": 0,
          "attributes": {
            "description": "",
            "id": "projects/gen-lang-client-0412132796/global/forwardingRules/serverpod-production-insights",
            "ip_address": "34.8.98.43",
            "ip_protocol": "TCP",
            "ip_version": "",
            "label_fingerprint": "42WmSpB8rSM=",
            "labels": null,
            "load_balancing_scheme": "EXTERNAL",
            "metadata_filters": [],
            "name": "serverpod-production-insights",
            "network": "",
            "port_range": "443",
            "project": "gen-lang-client-0412132796",
            "psc_connection_id": "",
            "psc_connection_status": "",
            "self_link": "https://www.googleapis.com/compute/v1/projects/gen-lang-client-0412132796/global/forwardingRules/serverpod-production-insights",
            "target": "https://www.googleapis.com/compute/v1/projects/gen-lang-client-0412132796/global/targetHttpsProxies/serverpod-production-proxy-insights",
            "timeouts": null
          },
          "sensitive_attributes": [],
          "private": "eyJlMmJmYjczMC1lY2FhLTExZTYtOGY4OC0zNDM2M2JjN2M0YzAiOnsiY3JlYXRlIjoxMjAwMDAwMDAwMDAwLCJkZWxldGUiOjEyMDAwMDAwMDAwMDAsInVwZGF0ZSI6MTIwMDAwMDAwMDAwMH19",
          "dependencies": [
            "module.serverpod_production.google_compute_backend_bucket.storage",
            "module.serverpod_production.google_compute_backend_service.api",
            "module.serverpod_production.google_compute_backend_service.insights",
            "module.serverpod_production.google_compute_backend_service.web",
            "module.serverpod_production.google_compute_health_check.serverpod-balancer",
            "module.serverpod_production.google_compute_health_check.serverpod-instance-group",
            "module.serverpod_production.google_compute_instance_group_manager.serverpod",
            "module.serverpod_production.google_compute_instance_template.serverpod",
            "module.serverpod_production.google_compute_managed_ssl_certificate.insights",
            "module.serverpod_production.google_compute_network.serverpod",
            "module.serverpod_production.google_compute_target_https_proxy.insights",
            "module.serverpod_production.google_compute_url_map.serverpod"
          ]
        }
      ]
    },
    {
      "module": "module.serverpod_production",
      "mode": "managed",
      "type": "google_compute_global_forwarding_rule",
      "name": "web",
      "provider": "provider[\"registry.terraform.io/hashicorp/google\"]",
      "instances": [
        {
          "schema_version": 0,
          "attributes": {
            "description": "",
            "id": "projects/gen-lang-client-0412132796/global/forwardingRules/serverpod-production-web",
            "ip_address": "34.111.83.181",
            "ip_protocol": "TCP",
            "ip_version": "",
            "label_fingerprint": "42WmSpB8rSM=",
            "labels": null,
            "load_balancing_scheme": "EXTERNAL",
            "metadata_filters": [],
            "name": "serverpod-production-web",
            "network": "",
            "port_range": "443",
            "project": "gen-lang-client-0412132796",
            "psc_connection_id": "",
            "psc_connection_status": "",
            "self_link": "https://www.googleapis.com/compute/v1/projects/gen-lang-client-0412132796/global/forwardingRules/serverpod-production-web",
            "target": "https://www.googleapis.com/compute/v1/projects/gen-lang-client-0412132796/global/targetHttpsProxies/serverpod-production-proxy-web",
            "timeouts": null
          },
          "sensitive_attributes": [],
          "private": "eyJlMmJmYjczMC1lY2FhLTExZTYtOGY4OC0zNDM2M2JjN2M0YzAiOnsiY3JlYXRlIjoxMjAwMDAwMDAwMDAwLCJkZWxldGUiOjEyMDAwMDAwMDAwMDAsInVwZGF0ZSI6MTIwMDAwMDAwMDAwMH19",
          "dependencies": [
            "module.serverpod_production.google_compute_backend_bucket.storage",
            "module.serverpod_production.google_compute_backend_service.api",
            "module.serverpod_production.google_compute_backend_service.insights",
            "module.serverpod_production.google_compute_backend_service.web",
            "module.serverpod_production.google_compute_health_check.serverpod-balancer",
            "module.serverpod_production.google_compute_health_check.serverpod-instance-group",
            "module.serverpod_production.google_compute_instance_group_manager.serverpod",
            "module.serverpod_production.google_compute_instance_template.serverpod",
            "module.serverpod_production.google_compute_managed_ssl_certificate.web",
            "module.serverpod_production.google_compute_managed_ssl_certificate.web-top-domain",
            "module.serverpod_production.google_compute_network.serverpod",
            "module.serverpod_production.google_compute_target_https_proxy.web",
            "module.serverpod_production.google_compute_url_map.serverpod"
          ]
        }
      ]
    },
    {
      "module": "module.serverpod_production",
      "mode": "managed",
      "type": "google_compute_health_check",
      "name": "serverpod-balancer",
      "provider": "provider[\"registry.terraform.io/hashicorp/google\"]",
      "instances": [
        {
          "schema_version": 0,
          "attributes": {
            "check_interval_sec": 5,
            "creation_timestamp": "2026-01-21T03:39:07.181-08:00",
            "description": "",
            "grpc_health_check": [],
            "healthy_threshold": 2,
            "http2_health_check": [],
            "http_health_check": [],
            "https_health_check": [],
            "id": "projects/gen-lang-client-0412132796/global/healthChecks/serverpod-production-health-check",
            "log_config": [
              {
                "enable": false
              }
            ],
            "name": "serverpod-production-health-check",
            "project": "gen-lang-client-0412132796",
            "self_link": "https://www.googleapis.com/compute/v1/projects/gen-lang-client-0412132796/global/healthChecks/serverpod-production-health-check",
            "ssl_health_check": [],
            "tcp_health_check": [
              {
                "port": 8080,
                "port_name": "",
                "port_specification": "",
                "proxy_header": "NONE",
                "request": "",
                "response": ""
              }
            ],
            "timeout_sec": 5,
            "timeouts": null,
            "type": "TCP",
            "unhealthy_threshold": 2
          },
          "sensitive_attributes": [],
          "private": "eyJlMmJmYjczMC1lY2FhLTExZTYtOGY4OC0zNDM2M2JjN2M0YzAiOnsiY3JlYXRlIjoxMjAwMDAwMDAwMDAwLCJkZWxldGUiOjEyMDAwMDAwMDAwMDAsInVwZGF0ZSI6MTIwMDAwMDAwMDAwMH19"
        }
      ]
    },
    {
      "module": "module.serverpod_production",
      "mode": "managed",
      "type": "google_compute_health_check",
      "name": "serverpod-instance-group",
      "provider": "provider[\"registry.terraform.io/hashicorp/google\"]",
      "instances": [
        {
          "schema_version": 0,
          "attributes": {
            "check_interval_sec": 30,
            "creation_timestamp": "2026-01-21T03:39:07.376-08:00",
            "description": "",
            "grpc_health_check": [],
            "healthy_threshold": 2,
            "http2_health_check": [],
            "http_health_check": [],
            "https_health_check": [],
            "id": "projects/gen-lang-client-0412132796/global/healthChecks/serverpod-production-group-health-check",
            "log_config": [
              {
                "enable": false
              }
            ],
            "name": "serverpod-production-group-health-check",
            "project": "gen-lang-client-0412132796",
            "self_link": "https://www.googleapis.com/compute/v1/projects/gen-lang-client-0412132796/global/healthChecks/serverpod-production-group-health-check",
            "ssl_health_check": [],
            "tcp_health_check": [
              {
                "port": 8080,
                "port_name": "",
                "port_specification": "",
                "proxy_header": "NONE",
                "request": "",
                "response": ""
              }
            ],
            "timeout_sec": 5,
            "timeouts": null,
            "type": "TCP",
            "unhealthy_threshold": 3
          },
          "sensitive_attributes": [],
          "private": "eyJlMmJmYjczMC1lY2FhLTExZTYtOGY4OC0zNDM2M2JjN2M0YzAiOnsiY3JlYXRlIjoxMjAwMDAwMDAwMDAwLCJkZWxldGUiOjEyMDAwMDAwMDAwMDAsInVwZGF0ZSI6MTIwMDAwMDAwMDAwMH19"
        }
      ]
    },
    {
      "module": "module.serverpod_production",
      "mode": "managed",
      "type": "google_compute_instance_group_manager",
      "name": "serverpod",
      "provider": "provider[\"registry.terraform.io/hashicorp/google\"]",
      "instances": [
        {
          "schema_version": 0,
          "attributes": {
            "auto_healing_policies": [
              {
                "health_check": "https://www.googleapis.com/compute/v1/projects/gen-lang-client-0412132796/global/healthChecks/serverpod-production-group-health-check",
                "initial_delay_sec": 300
              }
            ],
            "base_instance_name": "serverpod-production",
            "description": "",
            "fingerprint": "go80wyAH5lg=",
            "id": "projects/gen-lang-client-0412132796/zones/us-central1-a/instanceGroupManagers/serverpod-production-group",
            "instance_group": "https://www.googleapis.com/compute/v1/projects/gen-lang-client-0412132796/zones/us-central1-a/instanceGroups/serverpod-production-group",
            "list_managed_instances_results": "PAGELESS",
            "name": "serverpod-production-group",
            "named_port": [
              {
                "name": "api",
                "port": 8080
              },
              {
                "name": "insights",
                "port": 8081
              },
              {
                "name": "web",
                "port": 8082
              }
            ],
            "operation": null,
            "project": "gen-lang-client-0412132796",
            "self_link": "https://www.googleapis.com/compute/v1/projects/gen-lang-client-0412132796/zones/us-central1-a/instanceGroupManagers/serverpod-production-group",
            "stateful_disk": [],
            "status": [
              {
                "is_stable": true,
                "stateful": [
                  {
                    "has_stateful_config": false,
                    "per_instance_configs": [
                      {
                        "all_effective": true
                      }
                    ]
                  }
                ],
                "version_target": [
                  {
                    "is_reached": true
                  }
                ]
              }
            ],
            "target_pools": null,
            "target_size": 0,
            "timeouts": null,
            "update_policy": [
              {
                "max_surge_fixed": 1,
                "max_surge_percent": 0,
                "max_unavailable_fixed": 1,
                "max_unavailable_percent": 0,
                "minimal_action": "REPLACE",
                "most_disruptive_allowed_action": "",
                "replacement_method": "SUBSTITUTE",
                "type": "OPPORTUNISTIC"
              }
            ],
            "version": [
              {
                "instance_template": "https://www.googleapis.com/compute/v1/projects/gen-lang-client-0412132796/global/instanceTemplates/serverpod-production-template-v2",
                "name": "",
                "target_size": []
              }
            ],
            "wait_for_instances": false,
            "wait_for_instances_status": "STABLE",
            "zone": "us-central1-a"
          },
          "sensitive_attributes": [],
          "private": "eyJlMmJmYjczMC1lY2FhLTExZTYtOGY4OC0zNDM2M2JjN2M0YzAiOnsiY3JlYXRlIjo5MDAwMDAwMDAwMDAsImRlbGV0ZSI6OTAwMDAwMDAwMDAwLCJ1cGRhdGUiOjkwMDAwMDAwMDAwMH19",
          "dependencies": [
            "module.serverpod_production.google_compute_health_check.serverpod-instance-group",
            "module.serverpod_production.google_compute_instance_template.serverpod",
            "module.serverpod_production.google_compute_network.serverpod"
          ]
        }
      ]
    },
    {
      "module": "module.serverpod_production",
      "mode": "managed",
      "type": "google_compute_instance_template",
      "name": "serverpod",
      "provider": "provider[\"registry.terraform.io/hashicorp/google\"]",
      "instances": [
        {
          "schema_version": 1,
          "attributes": {
            "advanced_machine_features": [],
            "can_ip_forward": false,
            "confidential_instance_config": null,
            "description": "Instance template for Serverpod's Docker container.",
            "disk": [
              {
                "auto_delete": true,
                "boot": true,
                "device_name": "persistent-disk-0",
                "disk_encryption_key": [],
                "disk_name": "",
                "disk_size_gb": 0,
                "disk_type": "pd-standard",
                "interface": "SCSI",
                "labels": null,
                "mode": "READ_WRITE",
                "resource_policies": null,
                "source": "",
                "source_image": "projects/cos-cloud/global/images/family/cos-stable",
                "source_image_encryption_key": [],
                "source_snapshot": "",
                "source_snapshot_encryption_key": [],
                "type": "PERSISTENT"
              }
            ],
            "guest_accelerator": [],
            "id": "projects/gen-lang-client-0412132796/global/instanceTemplates/serverpod-production-template-v2",
            "instance_description": "",
            "labels": null,
            "machine_type": "e2-micro",
            "metadata": null,
            "metadata_fingerprint": "9lAFasNRcVg=",
            "metadata_startup_script": "#!/bin/bash\nuseradd serverpod-user\nusermod -aG docker serverpod-user\ncd /home/serverpod-user\nsudo -u serverpod-user docker-credential-gcr configure-docker\nsudo -u serverpod-user docker run -p 8080-8082:8080-8082 -e runmode=production -e serverid=$(hostname) gcr.io/gen-lang-client-0412132796/my_butler_server:latest\n",
            "min_cpu_platform": "",
            "name": "serverpod-production-template-v2",
            "name_prefix": null,
            "network_interface": [
              {
                "access_config": [
                  {
                    "nat_ip": "",
                    "network_tier": "PREMIUM",
                    "public_ptr_domain_name": ""
                  }
                ],
                "alias_ip_range": [],
                "ipv6_access_config": [],
                "ipv6_access_type": "",
                "name": "nic0",
                "network": "https://www.googleapis.com/compute/v1/projects/gen-lang-client-0412132796/global/networks/serverpod-production-network",
                "network_ip": "",
                "nic_type": "",
                "queue_count": 0,
                "stack_type": "",
                "subnetwork": "",
                "subnetwork_project": ""
              }
            ],
            "project": "gen-lang-client-0412132796",
            "region": null,
            "reservation_affinity": [],
            "scheduling": [
              {
                "automatic_restart": true,
                "instance_termination_action": "",
                "min_node_cpus": 0,
                "node_affinities": [],
                "on_host_maintenance": "MIGRATE",
                "preemptible": false,
                "provisioning_model": "STANDARD"
              }
            ],
            "self_link": "https://www.googleapis.com/compute/v1/projects/gen-lang-client-0412132796/global/instanceTemplates/serverpod-production-template-v2",
            "service_account": [
              {
                "email": "default",
                "scopes": [
                  "https://www.googleapis.com/auth/cloud-platform"
                ]
              }
            ],
            "shielded_instance_config": [],
            "tags": [
              "serverpod-production-instance",
              "serverpod-production-instance-ssh"
            ],
            "tags_fingerprint": "",
            "timeouts": null
          },
          "sensitive_attributes": [],
          "private": "eyJlMmJmYjczMC1lY2FhLTExZTYtOGY4OC0zNDM2M2JjN2M0YzAiOnsiY3JlYXRlIjoyNDAwMDAwMDAwMDAsImRlbGV0ZSI6MjQwMDAwMDAwMDAwfSwic2NoZW1hX3ZlcnNpb24iOiIxIn0=",
          "dependencies": [
            "module.serverpod_production.google_compute_network.serverpod"
          ]
        }
      ]
    },
    {
      "module": "module.serverpod_production",
      "mode": "managed",
      "type": "google_compute_managed_ssl_certificate",
      "name": "api",
      "provider": "provider[\"registry.terraform.io/hashicorp/google\"]",
      "instances": [
        {
          "schema_version": 0,
          "attributes": {
            "certificate_id": 4173842362274742300,
            "creation_timestamp": "2026-01-21T03:56:35.516-08:00",
            "description": "",
            "expire_time": "",
            "id": "projects/gen-lang-client-0412132796/global/sslCertificates/serverpod-production-api-certificate",
            "managed": [
              {
                "domains": [
                  "api.butler-app-temp.com"
                ]
              }
            ],
            "name": "serverpod-production-api-certificate",
            "project": "gen-lang-client-0412132796",
            "self_link": "https://www.googleapis.com/compute/v1/projects/gen-lang-client-0412132796/global/sslCertificates/serverpod-production-api-certificate",
            "subject_alternative_names": [],
            "timeouts": null,
            "type": "MANAGED"
          },
          "sensitive_attributes": [],
          "private": "eyJlMmJmYjczMC1lY2FhLTExZTYtOGY4OC0zNDM2M2JjN2M0YzAiOnsiY3JlYXRlIjoxODAwMDAwMDAwMDAwLCJkZWxldGUiOjE4MDAwMDAwMDAwMDB9fQ=="
        }
      ]
    },
    {
      "module": "module.serverpod_production",
      "mode": "managed",
      "type": "google_compute_managed_ssl_certificate",
      "name": "insights",
      "provider": "provider[\"registry.terraform.io/hashicorp/google\"]",
      "instances": [
        {
          "schema_version": 0,
          "attributes": {
            "certificate_id": 9106825452367708188,
            "creation_timestamp": "2026-01-21T03:56:35.500-08:00",
            "description": "",
            "expire_time": "",
            "id": "projects/gen-lang-client-0412132796/global/sslCertificates/serverpod-production-insights-certificate",
            "managed": [
              {
                "domains": [
                  "insights.butler-app-temp.com"
                ]
              }
            ],
            "name": "serverpod-production-insights-certificate",
            "project": "gen-lang-client-0412132796",
            "self_link": "https://www.googleapis.com/compute/v1/projects/gen-lang-client-0412132796/global/sslCertificates/serverpod-production-insights-certificate",
            "subject_alternative_names": [],
            "timeouts": null,
            "type": "MANAGED"
          },
          "sensitive_attributes": [],
          "private": "eyJlMmJmYjczMC1lY2FhLTExZTYtOGY4OC0zNDM2M2JjN2M0YzAiOnsiY3JlYXRlIjoxODAwMDAwMDAwMDAwLCJkZWxldGUiOjE4MDAwMDAwMDAwMDB9fQ=="
        }
      ]
    },
    {
      "module": "module.serverpod_production",
      "mode": "managed",
      "type": "google_compute_managed_ssl_certificate",
      "name": "web",
      "provider": "provider[\"registry.terraform.io/hashicorp/google\"]",
      "instances": [
        {
          "schema_version": 0,
          "attributes": {
            "certificate_id": 2190113005383778332,
            "creation_timestamp": "2026-01-21T03:56:35.481-08:00",
            "description": "",
            "expire_time": "",
            "id": "projects/gen-lang-client-0412132796/global/sslCertificates/serverpod-production-web-certificate",
            "managed": [
              {
                "domains": [
                  "app.butler-app-temp.com"
                ]
              }
            ],
            "name": "serverpod-production-web-certificate",
            "project": "gen-lang-client-0412132796",
            "self_link": "https://www.googleapis.com/compute/v1/projects/gen-lang-client-0412132796/global/sslCertificates/serverpod-production-web-certificate",
            "subject_alternative_names": [],
            "timeouts": null,
            "type": "MANAGED"
          },
          "sensitive_attributes": [],
          "private": "eyJlMmJmYjczMC1lY2FhLTExZTYtOGY4OC0zNDM2M2JjN2M0YzAiOnsiY3JlYXRlIjoxODAwMDAwMDAwMDAwLCJkZWxldGUiOjE4MDAwMDAwMDAwMDB9fQ=="
        }
      ]
    },
    {
      "module": "module.serverpod_production",
      "mode": "managed",
      "type": "google_compute_network",
      "name": "serverpod",
      "provider": "provider[\"registry.terraform.io/hashicorp/google\"]",
      "instances": [
        {
          "schema_version": 0,
          "attributes": {
            "auto_create_subnetworks": true,
            "delete_default_routes_on_create": false,
            "description": "",
            "enable_ula_internal_ipv6": false,
            "gateway_ipv4": "",
            "id": "projects/gen-lang-client-0412132796/global/networks/serverpod-production-network",
            "internal_ipv6_range": "",
            "mtu": 0,
            "name": "serverpod-production-network",
            "project": "gen-lang-client-0412132796",
            "routing_mode": "REGIONAL",
            "self_link": "https://www.googleapis.com/compute/v1/projects/gen-lang-client-0412132796/global/networks/serverpod-production-network",
            "timeouts": null
          },
          "sensitive_attributes": [],
          "private": "eyJlMmJmYjczMC1lY2FhLTExZTYtOGY4OC0zNDM2M2JjN2M0YzAiOnsiY3JlYXRlIjoxMjAwMDAwMDAwMDAwLCJkZWxldGUiOjEyMDAwMDAwMDAwMDAsInVwZGF0ZSI6MTIwMDAwMDAwMDAwMH19"
        }
      ]
    },
    {
      "module": "module.serverpod_production",
      "mode": "managed",
      "type": "google_compute_target_https_proxy",
      "name": "api",
      "provider": "provider[\"registry.terraform.io/hashicorp/google\"]",
      "instances": [
        {
          "schema_version": 0,
          "attributes": {
            "certificate_map": "",
            "creation_timestamp": "2026-01-21T05:56:56.297-08:00",
            "description": "",
            "id": "projects/gen-lang-client-0412132796/global/targetHttpsProxies/serverpod-production-proxy-api",
            "name": "serverpod-production-proxy-api",
            "project": "gen-lang-client-0412132796",
            "proxy_bind": false,
            "proxy_id": 1678156674681890247,
            "quic_override": "NONE",
            "self_link": "https://www.googleapis.com/compute/v1/projects/gen-lang-client-0412132796/global/targetHttpsProxies/serverpod-production-proxy-api",
            "ssl_certificates": [
              "https://www.googleapis.com/compute/v1/projects/gen-lang-client-0412132796/global/sslCertificates/serverpod-production-api-certificate"
            ],
            "ssl_policy": "",
            "timeouts": null,
            "url_map": "https://www.googleapis.com/compute/v1/projects/gen-lang-client-0412132796/global/urlMaps/serverpod-production-balancer"
          },
          "sensitive_attributes": [],
          "private": "eyJlMmJmYjczMC1lY2FhLTExZTYtOGY4OC0zNDM2M2JjN2M0YzAiOnsiY3JlYXRlIjoxMjAwMDAwMDAwMDAwLCJkZWxldGUiOjEyMDAwMDAwMDAwMDAsInVwZGF0ZSI6MTIwMDAwMDAwMDAwMH19",
          "dependencies": [
            "module.serverpod_production.google_compute_backend_bucket.storage",
            "module.serverpod_production.google_compute_backend_service.api",
            "module.serverpod_production.google_compute_backend_service.insights",
            "module.serverpod_production.google_compute_backend_service.web",
            "module.serverpod_production.google_compute_health_check.serverpod-balancer",
            "module.serverpod_production.google_compute_health_check.serverpod-instance-group",
            "module.serverpod_production.google_compute_instance_group_manager.serverpod",
            "module.serverpod_production.google_compute_instance_template.serverpod",
            "module.serverpod_production.google_compute_managed_ssl_certificate.api",
            "module.serverpod_production.google_compute_network.serverpod",
            "module.serverpod_production.google_compute_url_map.serverpod"
          ]
        }
      ]
    },
    {
      "module": "module.serverpod_production",
      "mode": "managed",
      "type": "google_compute_target_https_proxy",
      "name": "insights",
      "provider": "provider[\"registry.terraform.io/hashicorp/google\"]",
      "instances": [
        {
          "schema_version": 0,
          "attributes": {
            "certificate_map": "",
            "creation_timestamp": "2026-01-21T05:56:56.292-08:00",
            "description": "",
            "id": "projects/gen-lang-client-0412132796/global/targetHttpsProxies/serverpod-production-proxy-insights",
            "name": "serverpod-production-proxy-insights",
            "project": "gen-lang-client-0412132796",
            "proxy_bind": false,
            "proxy_id": 7068137114136569287,
            "quic_override": "NONE",
            "self_link": "https://www.googleapis.com/compute/v1/projects/gen-lang-client-0412132796/global/targetHttpsProxies/serverpod-production-proxy-insights",
            "ssl_certificates": [
              "https://www.googleapis.com/compute/v1/projects/gen-lang-client-0412132796/global/sslCertificates/serverpod-production-insights-certificate"
            ],
            "ssl_policy": "",
            "timeouts": null,
            "url_map": "https://www.googleapis.com/compute/v1/projects/gen-lang-client-0412132796/global/urlMaps/serverpod-production-balancer"
          },
          "sensitive_attributes": [],
          "private": "eyJlMmJmYjczMC1lY2FhLTExZTYtOGY4OC0zNDM2M2JjN2M0YzAiOnsiY3JlYXRlIjoxMjAwMDAwMDAwMDAwLCJkZWxldGUiOjEyMDAwMDAwMDAwMDAsInVwZGF0ZSI6MTIwMDAwMDAwMDAwMH19",
          "dependencies": [
            "module.serverpod_production.google_compute_backend_bucket.storage",
            "module.serverpod_production.google_compute_backend_service.api",
            "module.serverpod_production.google_compute_backend_service.insights",
            "module.serverpod_production.google_compute_backend_service.web",
            "module.serverpod_production.google_compute_health_check.serverpod-balancer",
            "module.serverpod_production.google_compute_health_check.serverpod-instance-group",
            "module.serverpod_production.google_compute_instance_group_manager.serverpod",
            "module.serverpod_production.google_compute_instance_template.serverpod",
            "module.serverpod_production.google_compute_managed_ssl_certificate.insights",
            "module.serverpod_production.google_compute_network.serverpod",
            "module.serverpod_production.google_compute_url_map.serverpod"
          ]
        }
      ]
    },
    {
      "module": "module.serverpod_production",
      "mode": "managed",
      "type": "google_compute_target_https_proxy",
      "name": "web",
      "provider": "provider[\"registry.terraform.io/hashicorp/google\"]",
      "instances": [
        {
          "schema_version": 0,
          "attributes": {
            "certificate_map": "",
            "creation_timestamp": "2026-01-21T05:56:56.487-08:00",
            "description": "",
            "id": "projects/gen-lang-client-0412132796/global/targetHttpsProxies/serverpod-production-proxy-web",
            "name": "serverpod-production-proxy-web",
            "project": "gen-lang-client-0412132796",
            "proxy_bind": false,
            "proxy_id": 2100870499870270919,
            "quic_override": "NONE",
            "self_link": "https://www.googleapis.com/compute/v1/projects/gen-lang-client-0412132796/global/targetHttpsProxies/serverpod-production-proxy-web",
            "ssl_certificates": [
              "https://www.googleapis.com/compute/v1/projects/gen-lang-client-0412132796/global/sslCertificates/serverpod-production-web-certificate"
            ],
            "ssl_policy": "",
            "timeouts": null,
            "url_map": "https://www.googleapis.com/compute/v1/projects/gen-lang-client-0412132796/global/urlMaps/serverpod-production-balancer"
          },
          "sensitive_attributes": [],
          "private": "eyJlMmJmYjczMC1lY2FhLTExZTYtOGY4OC0zNDM2M2JjN2M0YzAiOnsiY3JlYXRlIjoxMjAwMDAwMDAwMDAwLCJkZWxldGUiOjEyMDAwMDAwMDAwMDAsInVwZGF0ZSI6MTIwMDAwMDAwMDAwMH19",
          "dependencies": [
            "module.serverpod_production.google_compute_backend_bucket.storage",
            "module.serverpod_production.google_compute_backend_service.api",
            "module.serverpod_production.google_compute_backend_service.insights",
            "module.serverpod_production.google_compute_backend_service.web",
            "module.serverpod_production.google_compute_health_check.serverpod-balancer",
            "module.serverpod_production.google_compute_health_check.serverpod-instance-group",
            "module.serverpod_production.google_compute_instance_group_manager.serverpod",
            "module.serverpod_production.google_compute_instance_template.serverpod",
            "module.serverpod_production.google_compute_managed_ssl_certificate.web",
            "module.serverpod_production.google_compute_managed_ssl_certificate.web-top-domain",
            "module.serverpod_production.google_compute_network.serverpod",
            "module.serverpod_production.google_compute_url_map.serverpod"
          ]
        }
      ]
    },
    {
      "module": "module.serverpod_production",
      "mode": "managed",
      "type": "google_compute_url_map",
      "name": "serverpod",
      "provider": "provider[\"registry.terraform.io/hashicorp/google\"]",
      "instances": [
        {
          "schema_version": 0,
          "attributes": {
            "creation_timestamp": "2026-01-21T05:56:43.957-08:00",
            "default_route_action": [],
            "default_service": "https://www.googleapis.com/compute/v1/projects/gen-lang-client-0412132796/global/backendServices/serverpod-production-backend-web",
            "default_url_redirect": [],
            "description": "",
            "fingerprint": "R5RbqDq9lZ8=",
            "header_action": [],
            "host_rule": [
              {
                "description": "",
                "hosts": [
                  "api.butler-app-temp.com"
                ],
                "path_matcher": "api"
              },
              {
                "description": "",
                "hosts": [
                  "insights.butler-app-temp.com"
                ],
                "path_matcher": "insights"
              }
            ],
            "id": "projects/gen-lang-client-0412132796/global/urlMaps/serverpod-production-balancer",
            "map_id": 2873197987257738740,
            "name": "serverpod-production-balancer",
            "path_matcher": [
              {
                "default_route_action": [],
                "default_service": "https://www.googleapis.com/compute/v1/projects/gen-lang-client-0412132796/global/backendServices/serverpod-production-backend-api",
                "default_url_redirect": [],
                "description": "",
                "header_action": [],
                "name": "api",
                "path_rule": [],
                "route_rules": []
              },
              {
                "default_route_action": [],
                "default_service": "https://www.googleapis.com/compute/v1/projects/gen-lang-client-0412132796/global/backendServices/serverpod-production-backend-insights",
                "default_url_redirect": [],
                "description": "",
                "header_action": [],
                "name": "insights",
                "path_rule": [],
                "route_rules": []
              }
            ],
            "project": "gen-lang-client-0412132796",
            "self_link": "https://www.googleapis.com/compute/v1/projects/gen-lang-client-0412132796/global/urlMaps/serverpod-production-balancer",
            "test": [],
            "timeouts": null
          },
          "sensitive_attributes": [],
          "private": "eyJlMmJmYjczMC1lY2FhLTExZTYtOGY4OC0zNDM2M2JjN2M0YzAiOnsiY3JlYXRlIjoxMjAwMDAwMDAwMDAwLCJkZWxldGUiOjEyMDAwMDAwMDAwMDAsInVwZGF0ZSI6MTIwMDAwMDAwMDAwMH19",
          "dependencies": [
            "module.serverpod_production.google_compute_backend_bucket.storage",
            "module.serverpod_production.google_compute_backend_service.api",
            "module.serverpod_production.google_compute_backend_service.insights",
            "module.serverpod_production.google_compute_backend_service.web",
            "module.serverpod_production.google_compute_health_check.serverpod-balancer",
            "module.serverpod_production.google_compute_health_check.serverpod-instance-group",
            "module.serverpod_production.google_compute_instance_group_manager.serverpod",
            "module.serverpod_production.google_compute_instance_template.serverpod",
            "module.serverpod_production.google_compute_network.serverpod"
          ]
        }
      ]
    },
    {
      "module": "module.serverpod_production",
      "mode": "managed",
      "type": "google_dns_managed_zone",
      "name": "private-dns",
      "provider": "provider[\"registry.terraform.io/hashicorp/google\"]",
      "instances": [
        {
          "schema_version": 0,
          "attributes": {
            "cloud_logging_config": [
              {
                "enable_logging": false
              }
            ],
            "creation_time": "2026-01-21T11:56:35.685Z",
            "description": "Managed by Terraform",
            "dns_name": "private-production.butler-app-temp.com.",
            "dnssec_config": [],
            "force_destroy": false,
            "forwarding_config": [],
            "id": "projects/gen-lang-client-0412132796/managedZones/serverpod-production-private",
            "labels": {},
            "managed_zone_id": 3795029549681108697,
            "name": "serverpod-production-private",
            "name_servers": [
              "ns-gcp-private.googledomains.com."
            ],
            "peering_config": [],
            "private_visibility_config": [
              {
                "gke_clusters": [],
                "networks": [
                  {
                    "network_url": "https://www.googleapis.com/compute/v1/projects/gen-lang-client-0412132796/global/networks/serverpod-production-network"
                  }
                ]
              }
            ],
            "project": "gen-lang-client-0412132796",
            "timeouts": null,
            "visibility": "private"
          },
          "sensitive_attributes": [],
          "private": "eyJlMmJmYjczMC1lY2FhLTExZTYtOGY4OC0zNDM2M2JjN2M0YzAiOnsiY3JlYXRlIjoxMjAwMDAwMDAwMDAwLCJkZWxldGUiOjEyMDAwMDAwMDAwMDAsInVwZGF0ZSI6MTIwMDAwMDAwMDAwMH19",
          "dependencies": [
            "module.serverpod_production.google_compute_network.serverpod"
          ]
        }
      ]
    },
    {
      "module": "module.serverpod_production",
      "mode": "managed",
      "type": "google_dns_managed_zone",
      "name": "public-dns",
      "provider": "provider[\"registry.terraform.io/hashicorp/google\"]",
      "instances": [
        {
          "index_key": 0,
          "schema_version": 0,
          "attributes": {
            "cloud_logging_config": [
              {
                "enable_logging": false
              }
            ],
            "creation_time": "2026-01-21T11:56:35.238Z",
            "description": "Managed by Terraform",
            "dns_name": "butler-app-temp.com.",
            "dnssec_config": [],
            "force_destroy": false,
            "forwarding_config": [],
            "id": "projects/gen-lang-client-0412132796/managedZones/serverpod-production-public",
            "labels": {},
            "managed_zone_id": 3803691420243683729,
            "name": "serverpod-production-public",
            "name_servers": [
              "ns-cloud-b1.googledomains.com.",
              "ns-cloud-b2.googledomains.com.",
              "ns-cloud-b3.googledomains.com.",
              "ns-cloud-b4.googledomains.com."
            ],
            "peering_config": [],
            "private_visibility_config": [],
            "project": "gen-lang-client-0412132796",
            "timeouts": null,
            "visibility": "public"
          },
          "sensitive_attributes": [],
          "private": "eyJlMmJmYjczMC1lY2FhLTExZTYtOGY4OC0zNDM2M2JjN2M0YzAiOnsiY3JlYXRlIjoxMjAwMDAwMDAwMDAwLCJkZWxldGUiOjEyMDAwMDAwMDAwMDAsInVwZGF0ZSI6MTIwMDAwMDAwMDAwMH19"
        }
      ]
    },
    {
      "module": "module.serverpod_production",
      "mode": "managed",
      "type": "google_dns_record_set",
      "name": "api",
      "provider": "provider[\"registry.terraform.io/hashicorp/google\"]",
      "instances": [
        {
          "schema_version": 0,
          "attributes": {
            "id": "projects/gen-lang-client-0412132796/managedZones/serverpod-production-public/rrsets/api.butler-app-temp.com./A",
            "managed_zone": "serverpod-production-public",
            "name": "api.butler-app-temp.com.",
            "project": "gen-lang-client-0412132796",
            "routing_policy": [],
            "rrdatas": [
              "34.50.146.241"
            ],
            "ttl": 60,
            "type": "A"
          },
          "sensitive_attributes": [],
          "private": "bnVsbA==",
          "dependencies": [
            "module.serverpod_production.google_compute_backend_bucket.storage",
            "module.serverpod_production.google_compute_backend_service.api",
            "module.serverpod_production.google_compute_backend_service.insights",
            "module.serverpod_production.google_compute_backend_service.web",
            "module.serverpod_production.google_compute_global_forwarding_rule.api",
            "module.serverpod_production.google_compute_health_check.serverpod-balancer",
            "module.serverpod_production.google_compute_health_check.serverpod-instance-group",
            "module.serverpod_production.google_compute_instance_group_manager.serverpod",
            "module.serverpod_production.google_compute_instance_template.serverpod",
            "module.serverpod_production.google_compute_managed_ssl_certificate.api",
            "module.serverpod_production.google_compute_network.serverpod",
            "module.serverpod_production.google_compute_target_https_proxy.api",
            "module.serverpod_production.google_compute_url_map.serverpod"
          ]
        }
      ]
    },
    {
      "module": "module.serverpod_production",
      "mode": "managed",
      "type": "google_dns_record_set",
      "name": "database",
      "provider": "provider[\"registry.terraform.io/hashicorp/google\"]",
      "instances": [
        {
          "schema_version": 0,
          "attributes": {
            "id": "projects/gen-lang-client-0412132796/managedZones/serverpod-production-public/rrsets/database.butler-app-temp.com./A",
            "managed_zone": "serverpod-production-public",
            "name": "database.butler-app-temp.com.",
            "project": "gen-lang-client-0412132796",
            "routing_policy": [],
            "rrdatas": [
              "35.238.133.23"
            ],
            "ttl": 60,
            "type": "A"
          },
          "sensitive_attributes": [],
          "private": "bnVsbA==",
          "dependencies": [
            "module.serverpod_production.google_compute_global_address.private-ip",
            "module.serverpod_production.google_compute_network.serverpod",
            "module.serverpod_production.google_service_networking_connection.private-vpc-connection",
            "module.serverpod_production.google_sql_database_instance.serverpod"
          ]
        }
      ]
    },
    {
      "module": "module.serverpod_production",
      "mode": "managed",
      "type": "google_dns_record_set",
      "name": "database-private",
      "provider": "provider[\"registry.terraform.io/hashicorp/google\"]",
      "instances": [
        {
          "schema_version": 0,
          "attributes": {
            "id": "projects/gen-lang-client-0412132796/managedZones/serverpod-production-private/rrsets/database.private-production.butler-app-temp.com./A",
            "managed_zone": "serverpod-production-private",
            "name": "database.private-production.butler-app-temp.com.",
            "project": "gen-lang-client-0412132796",
            "routing_policy": [],
            "rrdatas": [
              "172.31.0.3"
            ],
            "ttl": 60,
            "type": "A"
          },
          "sensitive_attributes": [],
          "private": "bnVsbA==",
          "dependencies": [
            "module.serverpod_production.google_compute_global_address.private-ip",
            "module.serverpod_production.google_compute_network.serverpod",
            "module.serverpod_production.google_service_networking_connection.private-vpc-connection",
            "module.serverpod_production.google_sql_database_instance.serverpod"
          ]
        }
      ]
    },
    {
      "module": "module.serverpod_production",
      "mode": "managed",
      "type": "google_dns_record_set",
      "name": "insights",
      "provider": "provider[\"registry.terraform.io/hashicorp/google\"]",
      "instances": [
        {
          "schema_version": 0,
          "attributes": {
            "id": "projects/gen-lang-client-0412132796/managedZones/serverpod-production-public/rrsets/insights.butler-app-temp.com./A",
            "managed_zone": "serverpod-production-public",
            "name": "insights.butler-app-temp.com.",
            "project": "gen-lang-client-0412132796",
            "routing_policy": [],
            "rrdatas": [
              "34.8.98.43"
            ],
            "ttl": 60,
            "type": "A"
          },
          "sensitive_attributes": [],
          "private": "bnVsbA==",
          "dependencies": [
            "module.serverpod_production.google_compute_backend_bucket.storage",
            "module.serverpod_production.google_compute_backend_service.api",
            "module.serverpod_production.google_compute_backend_service.insights",
            "module.serverpod_production.google_compute_backend_service.web",
            "module.serverpod_production.google_compute_global_forwarding_rule.insights",
            "module.serverpod_production.google_compute_health_check.serverpod-balancer",
            "module.serverpod_production.google_compute_health_check.serverpod-instance-group",
            "module.serverpod_production.google_compute_instance_group_manager.serverpod",
            "module.serverpod_production.google_compute_instance_template.serverpod",
            "module.serverpod_production.google_compute_managed_ssl_certificate.insights",
            "module.serverpod_production.google_compute_network.serverpod",
            "module.serverpod_production.google_compute_target_https_proxy.insights",
            "module.serverpod_production.google_compute_url_map.serverpod"
          ]
        }
      ]
    },
    {
      "module": "module.serverpod_production",
      "mode": "managed",
      "type": "google_dns_record_set",
      "name": "web",
      "provider": "provider[\"registry.terraform.io/hashicorp/google\"]",
      "instances": [
        {
          "schema_version": 0,
          "attributes": {
            "id": "projects/gen-lang-client-0412132796/managedZones/serverpod-production-public/rrsets/app.butler-app-temp.com./A",
            "managed_zone": "serverpod-production-public",
            "name": "app.butler-app-temp.com.",
            "project": "gen-lang-client-0412132796",
            "routing_policy": [],
            "rrdatas": [
              "34.111.83.181"
            ],
            "ttl": 60,
            "type": "A"
          },
          "sensitive_attributes": [],
          "private": "bnVsbA==",
          "dependencies": [
            "module.serverpod_production.google_compute_backend_bucket.storage",
            "module.serverpod_production.google_compute_backend_service.api",
            "module.serverpod_production.google_compute_backend_service.insights",
            "module.serverpod_production.google_compute_backend_service.web",
            "module.serverpod_production.google_compute_global_forwarding_rule.web",
            "module.serverpod_production.google_compute_health_check.serverpod-balancer",
            "module.serverpod_production.google_compute_health_check.serverpod-instance-group",
            "module.serverpod_production.google_compute_instance_group_manager.serverpod",
            "module.serverpod_production.google_compute_instance_template.serverpod",
            "module.serverpod_production.google_compute_managed_ssl_certificate.web",
            "module.serverpod_production.google_compute_managed_ssl_certificate.web-top-domain",
            "module.serverpod_production.google_compute_network.serverpod",
            "module.serverpod_production.google_compute_target_https_proxy.web",
            "module.serverpod_production.google_compute_url_map.serverpod"
          ]
        }
      ]
    },
    {
      "module": "module.serverpod_production",
      "mode": "managed",
      "type": "google_project_service",
      "name": "gcp_services",
      "provider": "provider[\"registry.terraform.io/hashicorp/google\"]",
      "instances": [
        {
          "index_key": 0,
          "schema_version": 0,
          "attributes": {
            "disable_dependent_services": null,
            "disable_on_destroy": false,
            "id": "gen-lang-client-0412132796/artifactregistry.googleapis.com",
            "project": "gen-lang-client-0412132796",
            "service": "artifactregistry.googleapis.com",
            "timeouts": null
          },
          "sensitive_attributes": [],
          "private": "eyJlMmJmYjczMC1lY2FhLTExZTYtOGY4OC0zNDM2M2JjN2M0YzAiOnsiY3JlYXRlIjoxMjAwMDAwMDAwMDAwLCJkZWxldGUiOjEyMDAwMDAwMDAwMDAsInJlYWQiOjYwMDAwMDAwMDAwMCwidXBkYXRlIjoxMjAwMDAwMDAwMDAwfX0="
        },
        {
          "index_key": 1,
          "schema_version": 0,
          "attributes": {
            "disable_dependent_services": null,
            "disable_on_destroy": false,
            "id": "gen-lang-client-0412132796/certificatemanager.googleapis.com",
            "project": "gen-lang-client-0412132796",
            "service": "certificatemanager.googleapis.com",
            "timeouts": null
          },
          "sensitive_attributes": [],
          "private": "eyJlMmJmYjczMC1lY2FhLTExZTYtOGY4OC0zNDM2M2JjN2M0YzAiOnsiY3JlYXRlIjoxMjAwMDAwMDAwMDAwLCJkZWxldGUiOjEyMDAwMDAwMDAwMDAsInJlYWQiOjYwMDAwMDAwMDAwMCwidXBkYXRlIjoxMjAwMDAwMDAwMDAwfX0="
        },
        {
          "index_key": 2,
          "schema_version": 0,
          "attributes": {
            "disable_dependent_services": null,
            "disable_on_destroy": false,
            "id": "gen-lang-client-0412132796/dns.googleapis.com",
            "project": "gen-lang-client-0412132796",
            "service": "dns.googleapis.com",
            "timeouts": null
          },
          "sensitive_attributes": [],
          "private": "eyJlMmJmYjczMC1lY2FhLTExZTYtOGY4OC0zNDM2M2JjN2M0YzAiOnsiY3JlYXRlIjoxMjAwMDAwMDAwMDAwLCJkZWxldGUiOjEyMDAwMDAwMDAwMDAsInJlYWQiOjYwMDAwMDAwMDAwMCwidXBkYXRlIjoxMjAwMDAwMDAwMDAwfX0="
        },
        {
          "index_key": 3,
          "schema_version": 0,
          "attributes": {
            "disable_dependent_services": null,
            "disable_on_destroy": false,
            "id": "gen-lang-client-0412132796/cloudresourcemanager.googleapis.com",
            "project": "gen-lang-client-0412132796",
            "service": "cloudresourcemanager.googleapis.com",
            "timeouts": null
          },
          "sensitive_attributes": [],
          "private": "eyJlMmJmYjczMC1lY2FhLTExZTYtOGY4OC0zNDM2M2JjN2M0YzAiOnsiY3JlYXRlIjoxMjAwMDAwMDAwMDAwLCJkZWxldGUiOjEyMDAwMDAwMDAwMDAsInJlYWQiOjYwMDAwMDAwMDAwMCwidXBkYXRlIjoxMjAwMDAwMDAwMDAwfX0="
        },
        {
          "index_key": 4,
          "schema_version": 0,
          "attributes": {
            "disable_dependent_services": null,
            "disable_on_destroy": false,
            "id": "gen-lang-client-0412132796/compute.googleapis.com",
            "project": "gen-lang-client-0412132796",
            "service": "compute.googleapis.com",
            "timeouts": null
          },
          "sensitive_attributes": [],
          "private": "eyJlMmJmYjczMC1lY2FhLTExZTYtOGY4OC0zNDM2M2JjN2M0YzAiOnsiY3JlYXRlIjoxMjAwMDAwMDAwMDAwLCJkZWxldGUiOjEyMDAwMDAwMDAwMDAsInJlYWQiOjYwMDAwMDAwMDAwMCwidXBkYXRlIjoxMjAwMDAwMDAwMDAwfX0="
        },
        {
          "index_key": 5,
          "schema_version": 0,
          "attributes": {
            "disable_dependent_services": null,
            "disable_on_destroy": false,
            "id": "gen-lang-client-0412132796/servicenetworking.googleapis.com",
            "project": "gen-lang-client-0412132796",
            "service": "servicenetworking.googleapis.com",
            "timeouts": null
          },
          "sensitive_attributes": [],
          "private": "eyJlMmJmYjczMC1lY2FhLTExZTYtOGY4OC0zNDM2M2JjN2M0YzAiOnsiY3JlYXRlIjoxMjAwMDAwMDAwMDAwLCJkZWxldGUiOjEyMDAwMDAwMDAwMDAsInJlYWQiOjYwMDAwMDAwMDAwMCwidXBkYXRlIjoxMjAwMDAwMDAwMDAwfX0="
        },
        {
          "index_key": 6,
          "schema_version": 0,
          "attributes": {
            "disable_dependent_services": null,
            "disable_on_destroy": false,
            "id": "gen-lang-client-0412132796/sqladmin.googleapis.com",
            "project": "gen-lang-client-0412132796",
            "service": "sqladmin.googleapis.com",
            "timeouts": null
          },
          "sensitive_attributes": [],
          "private": "eyJlMmJmYjczMC1lY2FhLTExZTYtOGY4OC0zNDM2M2JjN2M0YzAiOnsiY3JlYXRlIjoxMjAwMDAwMDAwMDAwLCJkZWxldGUiOjEyMDAwMDAwMDAwMDAsInJlYWQiOjYwMDAwMDAwMDAwMCwidXBkYXRlIjoxMjAwMDAwMDAwMDAwfX0="
        }
      ]
    },
    {
      "module": "module.serverpod_production",
      "mode": "managed",
      "type": "google_service_networking_connection",
      "name": "private-vpc-connection",
      "provider": "provider[\"registry.terraform.io/hashicorp/google\"]",
      "instances": [
        {
          "schema_version": 0,
          "attributes": {
            "id": "projects%2Fgen-lang-client-0412132796%2Fglobal%2Fnetworks%2Fserverpod-production-network:servicenetworking.googleapis.com",
            "network": "projects/gen-lang-client-0412132796/global/networks/serverpod-production-network",
            "peering": "servicenetworking-googleapis-com",
            "reserved_peering_ranges": [
              "serverpod-production-private-ip"
            ],
            "service": "servicenetworking.googleapis.com",
            "timeouts": null
          },
          "sensitive_attributes": [],
          "private": "eyJlMmJmYjczMC1lY2FhLTExZTYtOGY4OC0zNDM2M2JjN2M0YzAiOnsiY3JlYXRlIjo2MDAwMDAwMDAwMDAsImRlbGV0ZSI6NjAwMDAwMDAwMDAwLCJ1cGRhdGUiOjYwMDAwMDAwMDAwMH19",
          "dependencies": [
            "module.serverpod_production.google_compute_global_address.private-ip",
            "module.serverpod_production.google_compute_network.serverpod"
          ]
        }
      ]
    },
    {
      "module": "module.serverpod_production",
      "mode": "managed",
      "type": "google_sql_database",
      "name": "serverpod",
      "provider": "provider[\"registry.terraform.io/hashicorp/google\"]",
      "instances": [
        {
          "schema_version": 0,
          "attributes": {
            "charset": "UTF8",
            "collation": "en_US.UTF8",
            "deletion_policy": "DELETE",
            "id": "projects/gen-lang-client-0412132796/instances/serverpod-production-database/databases/serverpod",
            "instance": "serverpod-production-database",
            "name": "serverpod",
            "project": "gen-lang-client-0412132796",
            "self_link": "https://sqladmin.googleapis.com/sql/v1beta4/projects/gen-lang-client-0412132796/instances/serverpod-production-database/databases/serverpod",
            "timeouts": null
          },
          "sensitive_attributes": [],
          "private": "eyJlMmJmYjczMC1lY2FhLTExZTYtOGY4OC0zNDM2M2JjN2M0YzAiOnsiY3JlYXRlIjoxMjAwMDAwMDAwMDAwLCJkZWxldGUiOjEyMDAwMDAwMDAwMDAsInVwZGF0ZSI6MTIwMDAwMDAwMDAwMH19",
          "dependencies": [
            "module.serverpod_production.google_compute_global_address.private-ip",
            "module.serverpod_production.google_compute_network.serverpod",
            "module.serverpod_production.google_service_networking_connection.private-vpc-connection",
            "module.serverpod_production.google_sql_database_instance.serverpod"
          ]
        }
      ]
    },
    {
      "module": "module.serverpod_production",
      "mode": "managed",
      "type": "google_sql_database_instance",
      "name": "serverpod",
      "provider": "provider[\"registry.terraform.io/hashicorp/google\"]",
      "instances": [
        {
          "schema_version": 0,
          "attributes": {
            "available_maintenance_versions": [],
            "clone": [],
            "connection_name": "gen-lang-client-0412132796:us-central1:serverpod-production-database",
            "database_version": "POSTGRES_14",
            "deletion_protection": true,
            "encryption_key_name": null,
            "first_ip_address": "35.238.133.23",
            "id": "serverpod-production-database",
            "instance_type": "CLOUD_SQL_INSTANCE",
            "ip_address": [
              {
                "ip_address": "35.238.133.23",
                "time_to_retire": "",
                "type": "PRIMARY"
              },
              {
                "ip_address": "35.238.245.34",
                "time_to_retire": "",
                "type": "OUTGOING"
              },
              {
                "ip_address": "172.31.0.3",
                "time_to_retire": "",
                "type": "PRIVATE"
              }
            ],
            "maintenance_version": "POSTGRES_14_20.R20251004.01_26",
            "master_instance_name": "",
            "name": "serverpod-production-database",
            "private_ip_address": "172.31.0.3",
            "project": "gen-lang-client-0412132796",
            "public_ip_address": "35.238.133.23",
            "region": "us-central1",
            "replica_configuration": [],
            "restore_backup_context": [],
            "root_password": null,
            "self_link": "https://sqladmin.googleapis.com/sql/v1beta4/projects/gen-lang-client-0412132796/instances/serverpod-production-database",
            "server_ca_cert": [
              {
                "cert": "-----BEGIN CERTIFICATE-----\nMIIDfzCCAmegAwIBAgIBADANBgkqhkiG9w0BAQsFADB3MS0wKwYDVQQuEyQxMTFj\nMTQ5Ni03OTFiLTRjNWUtYjA5MS05ZTZiOGExMDhlYjIxIzAhBgNVBAMTGkdvb2ds\nZSBDbG91ZCBTUUwgU2VydmVyIENBMRQwEgYDVQQKEwtHb29nbGUsIEluYzELMAkG\nA1UEBhMCVVMwHhcNMjYwMTIxMTE0NDI1WhcNMzYwMTE5MTE0NTI1WjB3MS0wKwYD\nVQQuEyQxMTFjMTQ5Ni03OTFiLTRjNWUtYjA5MS05ZTZiOGExMDhlYjIxIzAhBgNV\nBAMTGkdvb2dsZSBDbG91ZCBTUUwgU2VydmVyIENBMRQwEgYDVQQKEwtHb29nbGUs\nIEluYzELMAkGA1UEBhMCVVMwggEiMA0GCSqGSIb3DQEBAQUAA4IBDwAwggEKAoIB\nAQDYRzfq71IaD1UOfXQME+TvKQxDWJVWsGROwGB93STVDRIQbJmhzLZCN1gRtBeg\nVHRULvXSObcvVfqdwXgwEn1f4UNLTfMp8VTMXSFPKteLQ4wKvGF0ucjKgyEBlUrb\nsJrlWOI862KWITRolefDdAXqxuCkjxGf1uqBMYYqqm7qUUqdqdGMuMWmGBnpIjRP\nJU3YvkXmwWXmuE5y5/vLL4VEVQJ84bI2mrydCC5kefOSOBvXfRsLsOwaETgyvKYr\nNK3VgBkju4mWW6dgaoTcgleeoMKOFaUF7c5QYPr7ZibGgbGyuJZliJJfn8IS19UV\ntBuac3YripjrrV6UDttwT3opAgMBAAGjFjAUMBIGA1UdEwEB/wQIMAYBAf8CAQAw\nDQYJKoZIhvcNAQELBQADggEBAKv9hQmKOCZK3uIfcPRcxRMvezfk9cqQW+kAdet1\naMb0/JGV7WrlSaKLFpNYDOddACU9Wpr6X6ACJnAQk8CKLf3hMb2LK9K2RLeDQOw8\nVPVqhASCvEuuiOFfrO8OUlvwWzI8ZV9+Mn+N0sAr9yOhClhce7fpZFbPSnjQrHFU\nrHmqU/KMEDWuo63lcmLqlcqFVq3y8XWcYTaE0OtXqqcnDKTVQcQ70b59KZgaeo+K\nu9adI/3DX84PQhcNuXVnyi7vPf8FaEp1h9Mv61c09/0dx2TfV0QuAFRdqjuXs9pq\nVMGAdntGtmZp80WIlyS+DcgfSVui1jXrEazCVETTJOGdRWY=\n-----END CERTIFICATE-----",
                "common_name": "C=US,O=Google\\, Inc,CN=Google Cloud SQL Server CA,dnQualifier=111c1496-791b-4c5e-b091-9e6b8a108eb2",
                "create_time": "2026-01-21T11:44:25.118Z",
                "expiration_time": "2036-01-19T11:45:25.118Z",
                "sha1_fingerprint": "82a0613b89b940a28a31614bcb8805fa5068bba1"
              }
            ],
            "service_account_email_address": "p834291902182-rqba31@gcp-sa-cloud-sql.iam.gserviceaccount.com",
            "settings": [
              {
                "activation_policy": "ALWAYS",
                "active_directory_config": [],
                "availability_type": "ZONAL",
                "backup_configuration": [
                  {
                    "backup_retention_settings": [
                      {
                        "retained_backups": 7,
                        "retention_unit": "COUNT"
                      }
                    ],
                    "binary_log_enabled": false,
                    "enabled": true,
                    "location": "",
                    "point_in_time_recovery_enabled": false,
                    "start_time": "13:00",
                    "transaction_log_retention_days": 7
                  }
                ],
                "collation": "",
                "connector_enforcement": "NOT_REQUIRED",
                "database_flags": [],
                "deletion_protection_enabled": false,
                "deny_maintenance_period": [],
                "disk_autoresize": true,
                "disk_autoresize_limit": 0,
                "disk_size": 10,
                "disk_type": "PD_SSD",
                "insights_config": [],
                "ip_configuration": [
                  {
                    "allocated_ip_range": "",
                    "authorized_networks": [],
                    "ipv4_enabled": true,
                    "private_network": "projects/gen-lang-client-0412132796/global/networks/serverpod-production-network",
                    "require_ssl": false
                  }
                ],
                "location_preference": [
                  {
                    "follow_gae_application": "",
                    "secondary_zone": "",
                    "zone": "us-central1-c"
                  }
                ],
                "maintenance_window": [],
                "password_validation_policy": [],
                "pricing_plan": "PER_USE",
                "sql_server_audit_config": [],
                "tier": "db-f1-micro",
                "time_zone": "",
                "user_labels": {},
                "version": 2
              }
            ],
            "timeouts": null
          },
          "sensitive_attributes": [],
          "private": "eyJlMmJmYjczMC1lY2FhLTExZTYtOGY4OC0zNDM2M2JjN2M0YzAiOnsiY3JlYXRlIjoyNDAwMDAwMDAwMDAwLCJkZWxldGUiOjE4MDAwMDAwMDAwMDAsInVwZGF0ZSI6MTgwMDAwMDAwMDAwMH19",
          "dependencies": [
            "module.serverpod_production.google_compute_global_address.private-ip",
            "module.serverpod_production.google_compute_network.serverpod",
            "module.serverpod_production.google_service_networking_connection.private-vpc-connection"
          ]
        }
      ]
    },
    {
      "module": "module.serverpod_production",
      "mode": "managed",
      "type": "google_sql_user",
      "name": "serverpod",
      "provider": "provider[\"registry.terraform.io/hashicorp/google\"]",
      "instances": [
        {
          "schema_version": 1,
          "attributes": {
            "deletion_policy": null,
            "host": "",
            "id": "postgres//serverpod-production-database",
            "instance": "serverpod-production-database",
            "name": "postgres",
            "password": "pQVm0j9u5U0hhwwqDilfRWzYVXWV28TT",
            "password_policy": [],
            "project": "gen-lang-client-0412132796",
            "sql_server_user_details": [],
            "timeouts": null,
            "type": ""
          },
          "sensitive_attributes": [],
          "private": "eyJlMmJmYjczMC1lY2FhLTExZTYtOGY4OC0zNDM2M2JjN2M0YzAiOnsiY3JlYXRlIjo2MDAwMDAwMDAwMDAsImRlbGV0ZSI6NjAwMDAwMDAwMDAwLCJ1cGRhdGUiOjYwMDAwMDAwMDAwMH0sInNjaGVtYV92ZXJzaW9uIjoiMSJ9",
          "dependencies": [
            "module.serverpod_production.google_compute_global_address.private-ip",
            "module.serverpod_production.google_compute_network.serverpod",
            "module.serverpod_production.google_service_networking_connection.private-vpc-connection",
            "module.serverpod_production.google_sql_database_instance.serverpod"
          ]
        }
      ]
    }
  ],
  "check_results": null
}
